
Microsoft Visual Studio Solution File, Format Version 12.00
# Visual Studio Version 16
VisualStudioVersion = 16.0.31112.23
MinimumVisualStudioVersion = 10.0.40219.1
Project("{FAE04EC0-301F-11D3-BF4B-00C04F79EFBC}") = "appVenta", "appVenta\appVenta.csproj", "{96A72838-0F92-473A-88E4-4FAA8AC032FB}"
EndProject
Global
	GlobalSection(SolutionConfigurationPlatforms) = preSolution
		Debug|Any CPU = Debug|Any CPU
		Release|Any CPU = Release|Any CPU
	EndGlobalSection
	GlobalSection(ProjectConfigurationPlatforms) = postSolution
		{96A72838-0F92-473A-88E4-4FAA8AC032FB}.Debug|Any CPU.ActiveCfg = Debug|Any CPU
		{96A72838-0F92-473A-88E4-4FAA8AC032FB}.Debug|Any CPU.Build.0 = Debug|Any CPU
		{96A72838-0F92-473A-88E4-4FAA8AC032FB}.Release|Any CPU.ActiveCfg = Release|Any CPU
		{96A72838-0F92-473A-88E4-4FAA8AC032FB}.Release|Any CPU.Build.0 = Release|Any CPU
	EndGlobalSection
	GlobalSection(SolutionProperties) = preSolution
		HideSolutionNode = FALSE
	EndGlobalSection
	GlobalSection(ExtensibilityGlobals) = postSolution
		SolutionGuid = {4393055D-EF3C-402E-87AE-1F64C5172ADD}
	EndGlobalSection
EndGlobal
